# This is a Gradle generated file for dependency locking.
# Manual edits can break the build and are not advised.
# This file is expected to be part of source control.
ch.qos.logback:logback-classic:1.3.0-alpha14=grettyRunnerJetty11,grettyRunnerTomcat10,grettyStarter
ch.qos.logback:logback-core:1.3.0-alpha14=grettyRunnerJetty11,grettyRunnerTomcat10,grettyStarter
com.google.protobuf:protobuf-java:3.21.9=grettyProductRuntime,runtimeClasspath,springBoot,testRuntimeClasspath
com.h2database:h2:2.2.220=compileClasspath,grettyProductRuntime,runtimeClasspath,springBoot,testCompileClasspath,testRuntimeClasspath
com.mysql:mysql-connector-j:8.1.0=grettyProductRuntime,runtimeClasspath,springBoot,testRuntimeClasspath
commons-cli:commons-cli:1.3.1=grettyRunnerJetty11,grettyRunnerTomcat10
commons-cli:commons-cli:1.4=grettyStarter
commons-codec:commons-codec:1.15=grettyProductRuntime,runtimeClasspath,springBoot,testRuntimeClasspath
commons-configuration:commons-configuration:1.10=grettyStarter
commons-io:commons-io:2.11.0=grettyRunnerJetty11,grettyRunnerTomcat10,grettyStarter
commons-lang:commons-lang:2.6=grettyStarter
commons-logging:commons-logging:1.1.1=grettyStarter
commons-logging:commons-logging:1.2=grettyProductRuntime,runtimeClasspath,springBoot,testRuntimeClasspath
io.netty:netty-buffer:4.1.94.Final=grettyProductRuntime,runtimeClasspath,springBoot,testRuntimeClasspath
io.netty:netty-codec-http2:4.1.94.Final=grettyProductRuntime,runtimeClasspath,springBoot,testRuntimeClasspath
io.netty:netty-codec-http:4.1.94.Final=grettyProductRuntime,runtimeClasspath,springBoot,testRuntimeClasspath
io.netty:netty-codec:4.1.94.Final=grettyProductRuntime,runtimeClasspath,springBoot,testRuntimeClasspath
io.netty:netty-common:4.1.94.Final=grettyProductRuntime,runtimeClasspath,springBoot,testRuntimeClasspath
io.netty:netty-handler:4.1.94.Final=grettyProductRuntime,runtimeClasspath,springBoot,testRuntimeClasspath
io.netty:netty-resolver:4.1.94.Final=grettyProductRuntime,runtimeClasspath,springBoot,testRuntimeClasspath
io.netty:netty-transport-classes-epoll:4.1.94.Final=grettyProductRuntime,runtimeClasspath,springBoot,testRuntimeClasspath
io.netty:netty-transport-native-unix-common:4.1.94.Final=grettyProductRuntime,runtimeClasspath,springBoot,testRuntimeClasspath
io.netty:netty-transport:4.1.94.Final=grettyProductRuntime,runtimeClasspath,springBoot,testRuntimeClasspath
jakarta.annotation:jakarta.annotation-api:2.1.0=compileClasspath
jakarta.el:jakarta.el-api:5.0.0=compileClasspath,grettyProductRuntime,runtimeClasspath,springBoot,testCompileClasspath,testRuntimeClasspath
jakarta.servlet.jsp.jstl:jakarta.servlet.jsp.jstl-api:3.0.0=compileClasspath,grettyProductRuntime,runtimeClasspath,springBoot,testCompileClasspath,testRuntimeClasspath
jakarta.servlet:jakarta.servlet-api:5.0.0=grettyProvidedCompile,grettyRunnerJetty11,grettyRunnerTomcat10,providedCompile,providedRuntime
jakarta.servlet:jakarta.servlet-api:6.0.0=compileClasspath,grettyProductRuntime,runtimeClasspath,springBoot,testCompileClasspath,testRuntimeClasspath
jakarta.websocket:jakarta.websocket-api:2.0.0=compileClasspath,grettyProductRuntime,grettyProvidedCompile,providedCompile,providedRuntime,runtimeClasspath,springBoot,testCompileClasspath,testRuntimeClasspath
org.apache.commons:commons-lang3:3.3.2=grettyStarter
org.apache.httpcomponents:httpclient:4.5.13=grettyProductRuntime,runtimeClasspath,springBoot,testRuntimeClasspath
org.apache.httpcomponents:httpcore:4.4.13=grettyProductRuntime,runtimeClasspath,springBoot,testRuntimeClasspath
org.apache.logging.log4j:log4j-api:2.18.0=grettyProductRuntime,runtimeClasspath,springBoot,testRuntimeClasspath
org.apache.logging.log4j:log4j-core:2.18.0=grettyProductRuntime,runtimeClasspath,springBoot,testRuntimeClasspath
org.apache.logging.log4j:log4j-jakarta-web:2.18.0=grettyProductRuntime,runtimeClasspath,springBoot,testRuntimeClasspath
org.apache.logging.log4j:log4j-slf4j-impl:2.18.0=grettyProductRuntime,runtimeClasspath,springBoot,testRuntimeClasspath
org.apache.tomcat.embed:tomcat-embed-core:10.0.22=grettyRunnerTomcat10
org.apache.tomcat.embed:tomcat-embed-el:10.0.22=grettyRunnerTomcat10
org.apache.tomcat.embed:tomcat-embed-jasper:10.0.22=grettyRunnerTomcat10
org.apache.tomcat.embed:tomcat-embed-websocket:10.0.22=grettyRunnerTomcat10
org.apache.tomcat:tomcat-annotations-api:10.0.22=grettyRunnerTomcat10
org.apache.tomcat:tomcat-dbcp:10.1.11=grettyProductRuntime,runtimeClasspath,springBoot,testRuntimeClasspath
org.apache.tomcat:tomcat-juli:10.1.11=grettyProductRuntime,runtimeClasspath,springBoot,testRuntimeClasspath
org.apiguardian:apiguardian-api:1.1.2=testCompileClasspath
org.bouncycastle:bcprov-jdk15on:1.60=grettyStarter
org.codehaus.groovy:groovy-cli-commons:3.0.9=grettyStarter
org.codehaus.groovy:groovy-json:3.0.9=grettyStarter
org.codehaus.groovy:groovy:3.0.9=grettyStarter
org.eclipse.jdt:ecj:3.18.0=grettyRunnerTomcat10
org.eclipse.jetty.toolchain:jetty-jakarta-servlet-api:5.0.2=grettyRunnerJetty11
org.eclipse.jetty.toolchain:jetty-jakarta-websocket-api:2.0.0=grettyRunnerJetty11
org.eclipse.jetty.websocket:websocket-core-client:11.0.11=grettyRunnerJetty11
org.eclipse.jetty.websocket:websocket-core-common:11.0.11=grettyRunnerJetty11
org.eclipse.jetty.websocket:websocket-core-server:11.0.11=grettyRunnerJetty11
org.eclipse.jetty.websocket:websocket-jakarta-client:11.0.11=grettyRunnerJetty11
org.eclipse.jetty.websocket:websocket-jakarta-common:11.0.11=grettyRunnerJetty11
org.eclipse.jetty.websocket:websocket-jakarta-server:11.0.11=grettyRunnerJetty11
org.eclipse.jetty.websocket:websocket-jetty-api:11.0.11=grettyRunnerJetty11
org.eclipse.jetty.websocket:websocket-jetty-common:11.0.11=grettyRunnerJetty11
org.eclipse.jetty.websocket:websocket-jetty-server:11.0.11=grettyRunnerJetty11
org.eclipse.jetty.websocket:websocket-servlet:11.0.11=grettyRunnerJetty11
org.glassfish.web:jakarta.servlet.jsp.jstl:3.0.0=compileClasspath,grettyProductRuntime,runtimeClasspath,springBoot,testCompileClasspath,testRuntimeClasspath
org.gretty:gretty-common:4.0.3=grettyRunnerJetty11,grettyRunnerTomcat10,grettyStarter
org.gretty:gretty-core:4.0.3=grettyStarter
org.gretty:gretty-runner-jetty11:4.0.3=grettyRunnerJetty11
org.gretty:gretty-runner-jetty:4.0.3=grettyRunnerJetty11
org.gretty:gretty-runner-tomcat10:4.0.3=grettyRunnerTomcat10
org.gretty:gretty-runner-tomcat:4.0.3=grettyRunnerTomcat10
org.gretty:gretty-runner:4.0.3=grettyRunnerJetty11,grettyRunnerTomcat10
org.gretty:gretty-starter:4.0.3=grettyStarter
org.jsoup:jsoup:1.16.1=compileClasspath,grettyProductRuntime,runtimeClasspath,springBoot,testCompileClasspath,testRuntimeClasspath
org.junit.jupiter:junit-jupiter-api:5.8.1=testCompileClasspath,testRuntimeClasspath
org.junit.jupiter:junit-jupiter-engine:5.8.1=testRuntimeClasspath
org.junit.jupiter:junit-jupiter-params:5.8.1=testCompileClasspath,testRuntimeClasspath
org.junit.jupiter:junit-jupiter:5.8.1=testCompileClasspath,testRuntimeClasspath
org.junit.platform:junit-platform-commons:1.8.1=testCompileClasspath,testRuntimeClasspath
org.junit.platform:junit-platform-engine:1.8.1=testRuntimeClasspath
org.junit:junit-bom:5.8.1=testCompileClasspath,testRuntimeClasspath
org.opentest4j:opentest4j:1.2.0=testCompileClasspath,testRuntimeClasspath
org.ow2.asm:asm-analysis:9.2=grettyRunnerJetty11
org.ow2.asm:asm-commons:9.2=grettyRunnerJetty11
org.ow2.asm:asm-tree:9.2=grettyRunnerJetty11
org.ow2.asm:asm:9.2=grettyRunnerJetty11
org.reactivestreams:reactive-streams:1.0.3=compileClasspath,grettyProductRuntime,runtimeClasspath,springBoot,testCompileClasspath,testRuntimeClasspath
org.slf4j:log4j-over-slf4j:1.7.36=grettyRunnerTomcat10
org.slf4j:slf4j-api:1.7.30=compileClasspath,grettyProductRuntime,runtimeClasspath,springBoot,testCompileClasspath,testRuntimeClasspath
org.slf4j:slf4j-api:2.0.0-alpha5=grettyRunnerTomcat10,grettyStarter
org.slf4j:slf4j-api:2.0.0-alpha6=grettyRunnerJetty11
org.springframework:springloaded:1.2.8.RELEASE=grettySpringLoaded
software.amazon.awssdk:annotations:2.20.108=compileClasspath,grettyProductRuntime,runtimeClasspath,springBoot,testCompileClasspath,testRuntimeClasspath
software.amazon.awssdk:apache-client:2.20.108=grettyProductRuntime,runtimeClasspath,springBoot,testRuntimeClasspath
software.amazon.awssdk:auth:2.20.108=compileClasspath,grettyProductRuntime,runtimeClasspath,springBoot,testCompileClasspath,testRuntimeClasspath
software.amazon.awssdk:aws-core:2.20.108=compileClasspath,grettyProductRuntime,runtimeClasspath,springBoot,testCompileClasspath,testRuntimeClasspath
software.amazon.awssdk:aws-json-protocol:2.20.108=compileClasspath,grettyProductRuntime,runtimeClasspath,springBoot,testCompileClasspath,testRuntimeClasspath
software.amazon.awssdk:bom:2.20.108=compileClasspath,grettyProductRuntime,runtimeClasspath,springBoot,testCompileClasspath,testRuntimeClasspath
software.amazon.awssdk:endpoints-spi:2.20.108=compileClasspath,grettyProductRuntime,runtimeClasspath,springBoot,testCompileClasspath,testRuntimeClasspath
software.amazon.awssdk:http-client-spi:2.20.108=compileClasspath,grettyProductRuntime,runtimeClasspath,springBoot,testCompileClasspath,testRuntimeClasspath
software.amazon.awssdk:json-utils:2.20.108=compileClasspath,grettyProductRuntime,runtimeClasspath,springBoot,testCompileClasspath,testRuntimeClasspath
software.amazon.awssdk:metrics-spi:2.20.108=compileClasspath,grettyProductRuntime,runtimeClasspath,springBoot,testCompileClasspath,testRuntimeClasspath
software.amazon.awssdk:netty-nio-client:2.20.108=grettyProductRuntime,runtimeClasspath,springBoot,testRuntimeClasspath
software.amazon.awssdk:profiles:2.20.108=compileClasspath,grettyProductRuntime,runtimeClasspath,springBoot,testCompileClasspath,testRuntimeClasspath
software.amazon.awssdk:protocol-core:2.20.108=compileClasspath,grettyProductRuntime,runtimeClasspath,springBoot,testCompileClasspath,testRuntimeClasspath
software.amazon.awssdk:regions:2.20.108=compileClasspath,grettyProductRuntime,runtimeClasspath,springBoot,testCompileClasspath,testRuntimeClasspath
software.amazon.awssdk:sdk-core:2.20.108=compileClasspath,grettyProductRuntime,runtimeClasspath,springBoot,testCompileClasspath,testRuntimeClasspath
software.amazon.awssdk:third-party-jackson-core:2.20.108=compileClasspath,grettyProductRuntime,runtimeClasspath,springBoot,testCompileClasspath,testRuntimeClasspath
software.amazon.awssdk:translate:2.20.108=compileClasspath,grettyProductRuntime,runtimeClasspath,springBoot,testCompileClasspath,testRuntimeClasspath
software.amazon.awssdk:utils:2.20.108=compileClasspath,grettyProductRuntime,runtimeClasspath,springBoot,testCompileClasspath,testRuntimeClasspath
software.amazon.eventstream:eventstream:1.0.1=compileClasspath,grettyProductRuntime,runtimeClasspath,springBoot,testCompileClasspath,testRuntimeClasspath
empty=annotationProcessor,gretty,grettyNoSpringBoot,testAnnotationProcessor
